
Microsoft Visual Studio Solution File, Format Version 12.00
# Visual Studio Version 16
VisualStudioVersion = 16.0.29025.244
MinimumVisualStudioVersion = 10.0.40219.1
Project("{8BC9CEB8-8B4A-11D0-8D11-00A0C91BC942}") = "Trojke", "Trojke.vcxproj", "{D68DB8F1-34FA-4A41-B2C2-83395B1E818B}"
EndProject
Global
	GlobalSection(SolutionConfigurationPlatforms) = preSolution
		Debug|x64 = Debug|x64
		Debug|x86 = Debug|x86
		Release|x64 = Release|x64
		Release|x86 = Release|x86
	EndGlobalSection
	GlobalSection(ProjectConfigurationPlatforms) = postSolution
		{D68DB8F1-34FA-4A41-B2C2-83395B1E818B}.Debug|x64.ActiveCfg = Debug|x64
		{D68DB8F1-34FA-4A41-B2C2-83395B1E818B}.Debug|x64.Build.0 = Debug|x64
		{D68DB8F1-34FA-4A41-B2C2-83395B1E818B}.Debug|x86.ActiveCfg = Debug|Win32
		{D68DB8F1-34FA-4A41-B2C2-83395B1E818B}.Debug|x86.Build.0 = Debug|Win32
		{D68DB8F1-34FA-4A41-B2C2-83395B1E818B}.Release|x64.ActiveCfg = Release|x64
		{D68DB8F1-34FA-4A41-B2C2-83395B1E818B}.Release|x64.Build.0 = Release|x64
		{D68DB8F1-34FA-4A41-B2C2-83395B1E818B}.Release|x86.ActiveCfg = Release|Win32
		{D68DB8F1-34FA-4A41-B2C2-83395B1E818B}.Release|x86.Build.0 = Release|Win32
	EndGlobalSection
	GlobalSection(SolutionProperties) = preSolution
		HideSolutionNode = FALSE
	EndGlobalSection
	GlobalSection(ExtensibilityGlobals) = postSolution
		SolutionGuid = {2D0ACD05-AD43-40CA-A442-F176B6F321A4}
	EndGlobalSection
EndGlobal
